
Microsoft Visual Studio Solution File, Format Version 12.00
# Visual Studio 15
VisualStudioVersion = 15.0.28010.2016
MinimumVisualStudioVersion = 10.0.40219.1
Project("{FAE04EC0-301F-11D3-BF4B-00C04F79EFBC}") = "OOP Opdracht week 1", "OOP Opdracht week 1\OOP Opdracht week 1.csproj", "{822DF1B7-F5D9-46E5-9339-E7A14BEE61B2}"
EndProject
Global
	GlobalSection(SolutionConfigurationPlatforms) = preSolution
		Debug|Any CPU = Debug|Any CPU
		Release|Any CPU = Release|Any CPU
	EndGlobalSection
	GlobalSection(ProjectConfigurationPlatforms) = postSolution
		{822DF1B7-F5D9-46E5-9339-E7A14BEE61B2}.Debug|Any CPU.ActiveCfg = Debug|Any CPU
		{822DF1B7-F5D9-46E5-9339-E7A14BEE61B2}.Debug|Any CPU.Build.0 = Debug|Any CPU
		{822DF1B7-F5D9-46E5-9339-E7A14BEE61B2}.Release|Any CPU.ActiveCfg = Release|Any CPU
		{822DF1B7-F5D9-46E5-9339-E7A14BEE61B2}.Release|Any CPU.Build.0 = Release|Any CPU
	EndGlobalSection
	GlobalSection(SolutionProperties) = preSolution
		HideSolutionNode = FALSE
	EndGlobalSection
	GlobalSection(ExtensibilityGlobals) = postSolution
		SolutionGuid = {3F1F616C-0434-4BE5-9C64-A7C199B80617}
	EndGlobalSection
EndGlobal
